
Microsoft Visual Studio Solution File, Format Version 12.00
# Visual Studio Version 17
VisualStudioVersion = 17.0.31903.59
MinimumVisualStudioVersion = 10.0.40219.1
Project("{2150E333-8FDC-42A3-9474-1A3956D46DE8}") = "apps", "apps", "{0FC8F87F-AAA0-4E00-8962-985B80D816E0}"
EndProject
Project("{FAE04EC0-301F-11D3-BF4B-00C04F79EFBC}") = "Spacely.CLI", "apps\Spacely.CLI\Spacely.CLI.csproj", "{41BCDA1D-5ED6-46FD-AA84-0F1AB25FE774}"
EndProject
Project("{2150E333-8FDC-42A3-9474-1A3956D46DE8}") = "src", "src", "{3C4FBDC1-F2EA-4BD7-8B41-4A66189DDD06}"
EndProject
Project("{FAE04EC0-301F-11D3-BF4B-00C04F79EFBC}") = "Spacely.ReservationSystem", "src\Spacely.ReservationSystem\Spacely.ReservationSystem.csproj", "{02CD885D-69D7-4449-84B9-2EBAE8C577F1}"
EndProject
Global
	GlobalSection(SolutionConfigurationPlatforms) = preSolution
		Debug|Any CPU = Debug|Any CPU
		Release|Any CPU = Release|Any CPU
	EndGlobalSection
	GlobalSection(SolutionProperties) = preSolution
		HideSolutionNode = FALSE
	EndGlobalSection
	GlobalSection(ProjectConfigurationPlatforms) = postSolution
		{41BCDA1D-5ED6-46FD-AA84-0F1AB25FE774}.Debug|Any CPU.ActiveCfg = Debug|Any CPU
		{41BCDA1D-5ED6-46FD-AA84-0F1AB25FE774}.Debug|Any CPU.Build.0 = Debug|Any CPU
		{41BCDA1D-5ED6-46FD-AA84-0F1AB25FE774}.Release|Any CPU.ActiveCfg = Release|Any CPU
		{41BCDA1D-5ED6-46FD-AA84-0F1AB25FE774}.Release|Any CPU.Build.0 = Release|Any CPU
		{02CD885D-69D7-4449-84B9-2EBAE8C577F1}.Debug|Any CPU.ActiveCfg = Debug|Any CPU
		{02CD885D-69D7-4449-84B9-2EBAE8C577F1}.Debug|Any CPU.Build.0 = Debug|Any CPU
		{02CD885D-69D7-4449-84B9-2EBAE8C577F1}.Release|Any CPU.ActiveCfg = Release|Any CPU
		{02CD885D-69D7-4449-84B9-2EBAE8C577F1}.Release|Any CPU.Build.0 = Release|Any CPU
	EndGlobalSection
	GlobalSection(NestedProjects) = preSolution
		{41BCDA1D-5ED6-46FD-AA84-0F1AB25FE774} = {0FC8F87F-AAA0-4E00-8962-985B80D816E0}
		{02CD885D-69D7-4449-84B9-2EBAE8C577F1} = {3C4FBDC1-F2EA-4BD7-8B41-4A66189DDD06}
	EndGlobalSection
EndGlobal
